
Microsoft Visual Studio Solution File, Format Version 12.00
# Visual Studio Version 17
VisualStudioVersion = 17.0.31903.59
MinimumVisualStudioVersion = 10.0.40219.1
Project("{FAE04EC0-301F-11D3-BF4B-00C04F79EFBC}") = "EcommerceProject.Core", "EcommerceProject.Core\EcommerceProject.Core.csproj", "{755FA3B0-D5AC-4E5B-B0C5-901EF5BDEEFE}"
EndProject
Project("{FAE04EC0-301F-11D3-BF4B-00C04F79EFBC}") = "EcommerceProject.API", "EcommerceProject.API\EcommerceProject.API.csproj", "{925DE1BE-9AD3-41B7-9133-D7DE2DF17ACC}"
EndProject
Global
	GlobalSection(SolutionConfigurationPlatforms) = preSolution
		Debug|Any CPU = Debug|Any CPU
		Release|Any CPU = Release|Any CPU
	EndGlobalSection
	GlobalSection(ProjectConfigurationPlatforms) = postSolution
		{755FA3B0-D5AC-4E5B-B0C5-901EF5BDEEFE}.Debug|Any CPU.ActiveCfg = Debug|Any CPU
		{755FA3B0-D5AC-4E5B-B0C5-901EF5BDEEFE}.Debug|Any CPU.Build.0 = Debug|Any CPU
		{755FA3B0-D5AC-4E5B-B0C5-901EF5BDEEFE}.Release|Any CPU.ActiveCfg = Release|Any CPU
		{755FA3B0-D5AC-4E5B-B0C5-901EF5BDEEFE}.Release|Any CPU.Build.0 = Release|Any CPU
		{925DE1BE-9AD3-41B7-9133-D7DE2DF17ACC}.Debug|Any CPU.ActiveCfg = Debug|Any CPU
		{925DE1BE-9AD3-41B7-9133-D7DE2DF17ACC}.Debug|Any CPU.Build.0 = Debug|Any CPU
		{925DE1BE-9AD3-41B7-9133-D7DE2DF17ACC}.Release|Any CPU.ActiveCfg = Release|Any CPU
		{925DE1BE-9AD3-41B7-9133-D7DE2DF17ACC}.Release|Any CPU.Build.0 = Release|Any CPU
	EndGlobalSection
	GlobalSection(SolutionProperties) = preSolution
		HideSolutionNode = FALSE
	EndGlobalSection
EndGlobal
